
Microsoft Visual Studio Solution File, Format Version 12.00
# Visual Studio Version 17
VisualStudioVersion = 17.0.31717.71
MinimumVisualStudioVersion = 10.0.40219.1
Project("{FAE04EC0-301F-11D3-BF4B-00C04F79EFBC}") = "MojangStatus", "MojangStatus\MojangStatus.csproj", "{B7EA00FD-425F-418A-88A5-5557C69D2B93}"
EndProject
Global
	GlobalSection(SolutionConfigurationPlatforms) = preSolution
		Debug|Any CPU = Debug|Any CPU
		Release|Any CPU = Release|Any CPU
	EndGlobalSection
	GlobalSection(ProjectConfigurationPlatforms) = postSolution
		{B7EA00FD-425F-418A-88A5-5557C69D2B93}.Debug|Any CPU.ActiveCfg = Debug|Any CPU
		{B7EA00FD-425F-418A-88A5-5557C69D2B93}.Debug|Any CPU.Build.0 = Debug|Any CPU
		{B7EA00FD-425F-418A-88A5-5557C69D2B93}.Release|Any CPU.ActiveCfg = Release|Any CPU
		{B7EA00FD-425F-418A-88A5-5557C69D2B93}.Release|Any CPU.Build.0 = Release|Any CPU
	EndGlobalSection
	GlobalSection(SolutionProperties) = preSolution
		HideSolutionNode = FALSE
	EndGlobalSection
	GlobalSection(ExtensibilityGlobals) = postSolution
		SolutionGuid = {D683B4C9-EEB6-4307-AD1E-DF3E900D5D55}
	EndGlobalSection
EndGlobal
